{
  "name": "local-static",
  "version": "0.0.0",
  "lockfileVersion": 1,
  "requires": true,
  "dependencies": {
    "accepts": {
      "version": "https://r.cnpmjs.org/accepts/download/accepts-1.2.13.tgz",
      "integrity": "sha1-5fHzkoxtlf2WVYw27D2dDeSm7Oo=",
      "requires": {
        "mime-types": "https://r.cnpmjs.org/mime-types/download/mime-types-2.1.14.tgz",
        "negotiator": "https://r.cnpmjs.org/negotiator/download/negotiator-0.5.3.tgz"
      }
    },
    "body-parser": {
      "version": "https://r.cnpmjs.org/body-parser/download/body-parser-1.12.4.tgz",
      "integrity": "sha1-CQcAxLoohiqFIO83g5X97l9hwik=",
      "requires": {
        "bytes": "https://r.cnpmjs.org/bytes/download/bytes-1.0.0.tgz",
        "content-type": "https://r.cnpmjs.org/content-type/download/content-type-1.0.2.tgz",
        "debug": "https://r.cnpmjs.org/debug/download/debug-2.2.0.tgz",
        "depd": "https://r.cnpmjs.org/depd/download/depd-1.0.1.tgz",
        "iconv-lite": "https://r.cnpmjs.org/iconv-lite/download/iconv-lite-0.4.8.tgz",
        "on-finished": "https://r.cnpmjs.org/on-finished/download/on-finished-2.2.1.tgz",
        "qs": "https://r.cnpmjs.org/qs/download/qs-2.4.2.tgz",
        "raw-body": "https://r.cnpmjs.org/raw-body/download/raw-body-2.0.2.tgz",
        "type-is": "https://r.cnpmjs.org/type-is/download/type-is-1.6.14.tgz"
      }
    },
    "bytes": {
      "version": "https://r.cnpmjs.org/bytes/download/bytes-1.0.0.tgz",
      "integrity": "sha1-NWnt6Lo0MV+rmcPpLLBMciDeH6g="
    },
    "content-disposition": {
      "version": "https://r.cnpmjs.org/content-disposition/download/content-disposition-0.5.0.tgz",
      "integrity": "sha1-QoT+auBjCHRjnkToCkGMKTQTXp4="
    },
    "content-type": {
      "version": "https://r.cnpmjs.org/content-type/download/content-type-1.0.2.tgz",
      "integrity": "sha1-t9ETrueo3Se9IRM8TcJSnfFyHu0="
    },
    "cookie": {
      "version": "https://r.cnpmjs.org/cookie/download/cookie-0.1.3.tgz",
      "integrity": "sha1-5zSlwUF/zkctWu+Cw4HKu2TRpDU="
    },
    "cookie-parser": {
      "version": "https://r.cnpmjs.org/cookie-parser/download/cookie-parser-1.3.5.tgz",
      "integrity": "sha1-nXVVcPtdF4kHcSJ6AjFNm+fPg1Y=",
      "requires": {
        "cookie": "https://r.cnpmjs.org/cookie/download/cookie-0.1.3.tgz",
        "cookie-signature": "https://r.cnpmjs.org/cookie-signature/download/cookie-signature-1.0.6.tgz"
      }
    },
    "cookie-signature": {
      "version": "https://r.cnpmjs.org/cookie-signature/download/cookie-signature-1.0.6.tgz",
      "integrity": "sha1-4wOogrNCzD7oylE6eZmXNNqzriw="
    },
    "crc": {
      "version": "https://r.cnpmjs.org/crc/download/crc-3.2.1.tgz",
      "integrity": "sha1-XZyPt3okXNXsopHl0tAFM0urAII="
    },
    "debug": {
      "version": "https://r.cnpmjs.org/debug/download/debug-2.2.0.tgz",
      "integrity": "sha1-+HBX6ZWxofauaklgZkE3vFbwOdo=",
      "requires": {
        "ms": "https://r.cnpmjs.org/ms/download/ms-0.7.1.tgz"
      }
    },
    "depd": {
      "version": "https://r.cnpmjs.org/depd/download/depd-1.0.1.tgz",
      "integrity": "sha1-gK7GTJ1tl+ZcwqnKqTwKpqv3Oqo="
    },
    "destroy": {
      "version": "https://r.cnpmjs.org/destroy/download/destroy-1.0.3.tgz",
      "integrity": "sha1-tDO0ck5x/YVR2YhRdIUcX8N34sk="
    },
    "ee-first": {
      "version": "https://r.cnpmjs.org/ee-first/download/ee-first-1.1.0.tgz",
      "integrity": "sha1-ag18YiHkkP7v2S7D9EHJzozQl/Q="
    },
    "ejs": {
      "version": "2.5.6",
      "resolved": "https://r.cnpmjs.org/ejs/download/ejs-2.5.6.tgz",
      "integrity": "sha1-R5Y2v6P+Ox3r1SCH8KyyBLTxnIg="
    },
    "escape-html": {
      "version": "https://r.cnpmjs.org/escape-html/download/escape-html-1.0.1.tgz",
      "integrity": "sha1-GBoobq05ejmpKFfPsdQwUuNWv/A="
    },
    "etag": {
      "version": "https://r.cnpmjs.org/etag/download/etag-1.6.0.tgz",
      "integrity": "sha1-i8ssavElTEgd/IuZfJBu9ORCwgc=",
      "requires": {
        "crc": "https://r.cnpmjs.org/crc/download/crc-3.2.1.tgz"
      }
    },
    "express": {
      "version": "https://r.cnpmjs.org/express/download/express-4.12.4.tgz",
      "integrity": "sha1-j+wlECVbxrLlgQfEgjnA+jB8GqI=",
      "requires": {
        "accepts": "https://r.cnpmjs.org/accepts/download/accepts-1.2.13.tgz",
        "content-disposition": "https://r.cnpmjs.org/content-disposition/download/content-disposition-0.5.0.tgz",
        "content-type": "https://r.cnpmjs.org/content-type/download/content-type-1.0.2.tgz",
        "cookie": "https://r.cnpmjs.org/cookie/download/cookie-0.1.2.tgz",
        "cookie-signature": "https://r.cnpmjs.org/cookie-signature/download/cookie-signature-1.0.6.tgz",
        "debug": "https://r.cnpmjs.org/debug/download/debug-2.2.0.tgz",
        "depd": "https://r.cnpmjs.org/depd/download/depd-1.0.1.tgz",
        "escape-html": "https://r.cnpmjs.org/escape-html/download/escape-html-1.0.1.tgz",
        "etag": "https://r.cnpmjs.org/etag/download/etag-1.6.0.tgz",
        "finalhandler": "https://r.cnpmjs.org/finalhandler/download/finalhandler-0.3.6.tgz",
        "fresh": "https://r.cnpmjs.org/fresh/download/fresh-0.2.4.tgz",
        "merge-descriptors": "https://r.cnpmjs.org/merge-descriptors/download/merge-descriptors-1.0.0.tgz",
        "methods": "https://r.cnpmjs.org/methods/download/methods-1.1.2.tgz",
        "on-finished": "https://r.cnpmjs.org/on-finished/download/on-finished-2.2.1.tgz",
        "parseurl": "https://r.cnpmjs.org/parseurl/download/parseurl-1.3.1.tgz",
        "path-to-regexp": "https://r.cnpmjs.org/path-to-regexp/download/path-to-regexp-0.1.3.tgz",
        "proxy-addr": "https://r.cnpmjs.org/proxy-addr/download/proxy-addr-1.0.10.tgz",
        "qs": "https://r.cnpmjs.org/qs/download/qs-2.4.2.tgz",
        "range-parser": "https://r.cnpmjs.org/range-parser/download/range-parser-1.0.3.tgz",
        "send": "https://r.cnpmjs.org/send/download/send-0.12.3.tgz",
        "serve-static": "https://r.cnpmjs.org/serve-static/download/serve-static-1.9.3.tgz",
        "type-is": "https://r.cnpmjs.org/type-is/download/type-is-1.6.14.tgz",
        "utils-merge": "https://r.cnpmjs.org/utils-merge/download/utils-merge-1.0.0.tgz",
        "vary": "https://r.cnpmjs.org/vary/download/vary-1.0.1.tgz"
      },
      "dependencies": {
        "cookie": {
          "version": "https://r.cnpmjs.org/cookie/download/cookie-0.1.2.tgz",
          "integrity": "sha1-cv7D0k5Io0Mgc9kMEmQgBQYQBLE="
        }
      }
    },
    "finalhandler": {
      "version": "https://r.cnpmjs.org/finalhandler/download/finalhandler-0.3.6.tgz",
      "integrity": "sha1-2vnEFhsbBuABRmsUEd/baXO+E4s=",
      "requires": {
        "debug": "https://r.cnpmjs.org/debug/download/debug-2.2.0.tgz",
        "escape-html": "https://r.cnpmjs.org/escape-html/download/escape-html-1.0.1.tgz",
        "on-finished": "https://r.cnpmjs.org/on-finished/download/on-finished-2.2.1.tgz"
      }
    },
    "forwarded": {
      "version": "https://r.cnpmjs.org/forwarded/download/forwarded-0.1.0.tgz",
      "integrity": "sha1-Ge+YdMSuHCl7zweP3mOgm2aoQ2M="
    },
    "fresh": {
      "version": "https://r.cnpmjs.org/fresh/download/fresh-0.2.4.tgz",
      "integrity": "sha1-NYJJkgbJcjcUGQ7ddLRgT+tKYUw="
    },
    "iconv-lite": {
      "version": "https://r.cnpmjs.org/iconv-lite/download/iconv-lite-0.4.8.tgz",
      "integrity": "sha1-xgGadZXyzvynAuq2lKAQvNkpjSA="
    },
    "ipaddr.js": {
      "version": "https://r.cnpmjs.org/ipaddr.js/download/ipaddr.js-1.0.5.tgz",
      "integrity": "sha1-X6eM8wG4JceKvDBC2BJyMEnqI8c="
    },
    "media-typer": {
      "version": "https://r.cnpmjs.org/media-typer/download/media-typer-0.3.0.tgz",
      "integrity": "sha1-hxDXrwqmJvj/+hzgAWhUUmMlV0g="
    },
    "merge-descriptors": {
      "version": "https://r.cnpmjs.org/merge-descriptors/download/merge-descriptors-1.0.0.tgz",
      "integrity": "sha1-IWnPdTjhsMyH+4jhUC2EdLv3mGQ="
    },
    "methods": {
      "version": "https://r.cnpmjs.org/methods/download/methods-1.1.2.tgz",
      "integrity": "sha1-VSmk1nZUE07cxSZmVoNbD4Ua/O4="
    },
    "mime": {
      "version": "https://r.cnpmjs.org/mime/download/mime-1.3.4.tgz",
      "integrity": "sha1-EV+eO2s9rylZmDyzjxSaLUDrXVM="
    },
    "mime-db": {
      "version": "https://r.cnpmjs.org/mime-db/download/mime-db-1.26.0.tgz",
      "integrity": "sha1-6v/NDk/Gk1z4E02iRuLmw1MFrf8="
    },
    "mime-types": {
      "version": "https://r.cnpmjs.org/mime-types/download/mime-types-2.1.14.tgz",
      "integrity": "sha1-9+99l1g/yvO30oK2+LVnnaselO4=",
      "requires": {
        "mime-db": "https://r.cnpmjs.org/mime-db/download/mime-db-1.26.0.tgz"
      }
    },
    "ms": {
      "version": "https://r.cnpmjs.org/ms/download/ms-0.7.1.tgz",
      "integrity": "sha1-nNE8A62/8ltl7/3nzoZO6VIBcJg="
    },
    "negotiator": {
      "version": "https://r.cnpmjs.org/negotiator/download/negotiator-0.5.3.tgz",
      "integrity": "sha1-Jp1cR2gQ7JLtvntsLygxY4T5p+g="
    },
    "on-finished": {
      "version": "https://r.cnpmjs.org/on-finished/download/on-finished-2.2.1.tgz",
      "integrity": "sha1-XIXBzDYpn3gCllP2Z/J7a5nrwCk=",
      "requires": {
        "ee-first": "https://r.cnpmjs.org/ee-first/download/ee-first-1.1.0.tgz"
      }
    },
    "parseurl": {
      "version": "https://r.cnpmjs.org/parseurl/download/parseurl-1.3.1.tgz",
      "integrity": "sha1-yKuMkiO6NIiKpkopeyiFO+wY2lY="
    },
    "path-to-regexp": {
      "version": "https://r.cnpmjs.org/path-to-regexp/download/path-to-regexp-0.1.3.tgz",
      "integrity": "sha1-IbmrgidCed4lsVbqCP0SylG4rss="
    },
    "proxy-addr": {
      "version": "https://r.cnpmjs.org/proxy-addr/download/proxy-addr-1.0.10.tgz",
      "integrity": "sha1-DUCoL4Afw1VWfS7LZe/j8HfxIcU=",
      "requires": {
        "forwarded": "https://r.cnpmjs.org/forwarded/download/forwarded-0.1.0.tgz",
        "ipaddr.js": "https://r.cnpmjs.org/ipaddr.js/download/ipaddr.js-1.0.5.tgz"
      }
    },
    "qs": {
      "version": "https://r.cnpmjs.org/qs/download/qs-2.4.2.tgz",
      "integrity": "sha1-9854jld33wtQENp/fE5zujJHD1o="
    },
    "range-parser": {
      "version": "https://r.cnpmjs.org/range-parser/download/range-parser-1.0.3.tgz",
      "integrity": "sha1-aHKCNTXGkuLCoBA4Jq/YLC4P8XU="
    },
    "raw-body": {
      "version": "https://r.cnpmjs.org/raw-body/download/raw-body-2.0.2.tgz",
      "integrity": "sha1-osL5jIUxzumcY9jSOLfel7tln8o=",
      "requires": {
        "bytes": "https://r.cnpmjs.org/bytes/download/bytes-2.1.0.tgz",
        "iconv-lite": "https://r.cnpmjs.org/iconv-lite/download/iconv-lite-0.4.8.tgz"
      },
      "dependencies": {
        "bytes": {
          "version": "https://r.cnpmjs.org/bytes/download/bytes-2.1.0.tgz",
          "integrity": "sha1-rJPEEOL/ycx89LRks4KJBn9eR7Q="
        }
      }
    },
    "send": {
      "version": "https://r.cnpmjs.org/send/download/send-0.12.3.tgz",
      "integrity": "sha1-zRLcWP3iHk+RkCs5sv2gWnptm9w=",
      "requires": {
        "debug": "https://r.cnpmjs.org/debug/download/debug-2.2.0.tgz",
        "depd": "https://r.cnpmjs.org/depd/download/depd-1.0.1.tgz",
        "destroy": "https://r.cnpmjs.org/destroy/download/destroy-1.0.3.tgz",
        "escape-html": "https://r.cnpmjs.org/escape-html/download/escape-html-1.0.1.tgz",
        "etag": "https://r.cnpmjs.org/etag/download/etag-1.6.0.tgz",
        "fresh": "https://r.cnpmjs.org/fresh/download/fresh-0.2.4.tgz",
        "mime": "https://r.cnpmjs.org/mime/download/mime-1.3.4.tgz",
        "ms": "https://r.cnpmjs.org/ms/download/ms-0.7.1.tgz",
        "on-finished": "https://r.cnpmjs.org/on-finished/download/on-finished-2.2.1.tgz",
        "range-parser": "https://r.cnpmjs.org/range-parser/download/range-parser-1.0.3.tgz"
      }
    },
    "serve-static": {
      "version": "https://r.cnpmjs.org/serve-static/download/serve-static-1.9.3.tgz",
      "integrity": "sha1-X42gcyOtOF/z3FQfGnkXsuQ261c=",
      "requires": {
        "escape-html": "https://r.cnpmjs.org/escape-html/download/escape-html-1.0.1.tgz",
        "parseurl": "https://r.cnpmjs.org/parseurl/download/parseurl-1.3.1.tgz",
        "send": "https://r.cnpmjs.org/send/download/send-0.12.3.tgz",
        "utils-merge": "https://r.cnpmjs.org/utils-merge/download/utils-merge-1.0.0.tgz"
      }
    },
    "type-is": {
      "version": "https://r.cnpmjs.org/type-is/download/type-is-1.6.14.tgz",
      "integrity": "sha1-4hljnBfe0coHiQkt1UoDgmuBfLI=",
      "requires": {
        "media-typer": "https://r.cnpmjs.org/media-typer/download/media-typer-0.3.0.tgz",
        "mime-types": "https://r.cnpmjs.org/mime-types/download/mime-types-2.1.14.tgz"
      }
    },
    "utils-merge": {
      "version": "https://r.cnpmjs.org/utils-merge/download/utils-merge-1.0.0.tgz",
      "integrity": "sha1-ApT7kiu5N1FTVBxPcJYjHyh8ivg="
    },
    "vary": {
      "version": "https://r.cnpmjs.org/vary/download/vary-1.0.1.tgz",
      "integrity": "sha1-meSYFWaihhGN+yuBc1ffeZM3bRA="
    }
  }
}
